
Microsoft Visual Studio Solution File, Format Version 12.00
# Visual Studio 2012
Project("{FAE04EC0-301F-11D3-BF4B-00C04F79EFBC}") = "OOTP.Lab4", "OOTP.Lab4\OOTP.Lab4.csproj", "{56E202EB-792B-4678-955B-FE3ACC62A648}"
EndProject
Project("{FAE04EC0-301F-11D3-BF4B-00C04F79EFBC}") = "Design", "Design\Design.csproj", "{E2F2A9C8-C2AA-46A2-A5A6-B5A49E7BF463}"
EndProject
Project("{FAE04EC0-301F-11D3-BF4B-00C04F79EFBC}") = "OOTP_Server", "OOTP_Server\OOTP_Server.csproj", "{3F0F8B24-1C47-4F68-BAD8-90EDE77ABD29}"
EndProject
Global
	GlobalSection(SolutionConfigurationPlatforms) = preSolution
		Debug|Any CPU = Debug|Any CPU
		Debug|ARM = Debug|ARM
		Debug|x64 = Debug|x64
		Debug|x86 = Debug|x86
		Release|Any CPU = Release|Any CPU
		Release|ARM = Release|ARM
		Release|x64 = Release|x64
		Release|x86 = Release|x86
	EndGlobalSection
	GlobalSection(ProjectConfigurationPlatforms) = postSolution
		{56E202EB-792B-4678-955B-FE3ACC62A648}.Debug|Any CPU.ActiveCfg = Debug|Any CPU
		{56E202EB-792B-4678-955B-FE3ACC62A648}.Debug|Any CPU.Build.0 = Debug|Any CPU
		{56E202EB-792B-4678-955B-FE3ACC62A648}.Debug|ARM.ActiveCfg = Debug|Any CPU
		{56E202EB-792B-4678-955B-FE3ACC62A648}.Debug|x64.ActiveCfg = Debug|Any CPU
		{56E202EB-792B-4678-955B-FE3ACC62A648}.Debug|x86.ActiveCfg = Debug|Any CPU
		{56E202EB-792B-4678-955B-FE3ACC62A648}.Release|Any CPU.ActiveCfg = Release|Any CPU
		{56E202EB-792B-4678-955B-FE3ACC62A648}.Release|Any CPU.Build.0 = Release|Any CPU
		{56E202EB-792B-4678-955B-FE3ACC62A648}.Release|ARM.ActiveCfg = Release|Any CPU
		{56E202EB-792B-4678-955B-FE3ACC62A648}.Release|x64.ActiveCfg = Release|Any CPU
		{56E202EB-792B-4678-955B-FE3ACC62A648}.Release|x86.ActiveCfg = Release|Any CPU
		{E2F2A9C8-C2AA-46A2-A5A6-B5A49E7BF463}.Debug|Any CPU.ActiveCfg = Debug|Any CPU
		{E2F2A9C8-C2AA-46A2-A5A6-B5A49E7BF463}.Debug|Any CPU.Build.0 = Debug|Any CPU
		{E2F2A9C8-C2AA-46A2-A5A6-B5A49E7BF463}.Debug|Any CPU.Deploy.0 = Debug|Any CPU
		{E2F2A9C8-C2AA-46A2-A5A6-B5A49E7BF463}.Debug|ARM.ActiveCfg = Debug|ARM
		{E2F2A9C8-C2AA-46A2-A5A6-B5A49E7BF463}.Debug|ARM.Build.0 = Debug|ARM
		{E2F2A9C8-C2AA-46A2-A5A6-B5A49E7BF463}.Debug|ARM.Deploy.0 = Debug|ARM
		{E2F2A9C8-C2AA-46A2-A5A6-B5A49E7BF463}.Debug|x64.ActiveCfg = Debug|x64
		{E2F2A9C8-C2AA-46A2-A5A6-B5A49E7BF463}.Debug|x64.Build.0 = Debug|x64
		{E2F2A9C8-C2AA-46A2-A5A6-B5A49E7BF463}.Debug|x64.Deploy.0 = Debug|x64
		{E2F2A9C8-C2AA-46A2-A5A6-B5A49E7BF463}.Debug|x86.ActiveCfg = Debug|x86
		{E2F2A9C8-C2AA-46A2-A5A6-B5A49E7BF463}.Debug|x86.Build.0 = Debug|x86
		{E2F2A9C8-C2AA-46A2-A5A6-B5A49E7BF463}.Debug|x86.Deploy.0 = Debug|x86
		{E2F2A9C8-C2AA-46A2-A5A6-B5A49E7BF463}.Release|Any CPU.ActiveCfg = Release|Any CPU
		{E2F2A9C8-C2AA-46A2-A5A6-B5A49E7BF463}.Release|Any CPU.Build.0 = Release|Any CPU
		{E2F2A9C8-C2AA-46A2-A5A6-B5A49E7BF463}.Release|Any CPU.Deploy.0 = Release|Any CPU
		{E2F2A9C8-C2AA-46A2-A5A6-B5A49E7BF463}.Release|ARM.ActiveCfg = Release|ARM
		{E2F2A9C8-C2AA-46A2-A5A6-B5A49E7BF463}.Release|ARM.Build.0 = Release|ARM
		{E2F2A9C8-C2AA-46A2-A5A6-B5A49E7BF463}.Release|ARM.Deploy.0 = Release|ARM
		{E2F2A9C8-C2AA-46A2-A5A6-B5A49E7BF463}.Release|x64.ActiveCfg = Release|x64
		{E2F2A9C8-C2AA-46A2-A5A6-B5A49E7BF463}.Release|x64.Build.0 = Release|x64
		{E2F2A9C8-C2AA-46A2-A5A6-B5A49E7BF463}.Release|x64.Deploy.0 = Release|x64
		{E2F2A9C8-C2AA-46A2-A5A6-B5A49E7BF463}.Release|x86.ActiveCfg = Release|x86
		{E2F2A9C8-C2AA-46A2-A5A6-B5A49E7BF463}.Release|x86.Build.0 = Release|x86
		{E2F2A9C8-C2AA-46A2-A5A6-B5A49E7BF463}.Release|x86.Deploy.0 = Release|x86
		{3F0F8B24-1C47-4F68-BAD8-90EDE77ABD29}.Debug|Any CPU.ActiveCfg = Debug|Any CPU
		{3F0F8B24-1C47-4F68-BAD8-90EDE77ABD29}.Debug|Any CPU.Build.0 = Debug|Any CPU
		{3F0F8B24-1C47-4F68-BAD8-90EDE77ABD29}.Debug|ARM.ActiveCfg = Debug|Any CPU
		{3F0F8B24-1C47-4F68-BAD8-90EDE77ABD29}.Debug|x64.ActiveCfg = Debug|Any CPU
		{3F0F8B24-1C47-4F68-BAD8-90EDE77ABD29}.Debug|x86.ActiveCfg = Debug|Any CPU
		{3F0F8B24-1C47-4F68-BAD8-90EDE77ABD29}.Release|Any CPU.ActiveCfg = Release|Any CPU
		{3F0F8B24-1C47-4F68-BAD8-90EDE77ABD29}.Release|Any CPU.Build.0 = Release|Any CPU
		{3F0F8B24-1C47-4F68-BAD8-90EDE77ABD29}.Release|ARM.ActiveCfg = Release|Any CPU
		{3F0F8B24-1C47-4F68-BAD8-90EDE77ABD29}.Release|x64.ActiveCfg = Release|Any CPU
		{3F0F8B24-1C47-4F68-BAD8-90EDE77ABD29}.Release|x86.ActiveCfg = Release|Any CPU
	EndGlobalSection
	GlobalSection(SolutionProperties) = preSolution
		HideSolutionNode = FALSE
	EndGlobalSection
EndGlobal
